# This file is automatically @generated by Cargo.
# It is not intended for manual editing.
version = 3

[[package]]
name = "cargo_ice_repo_1"
version = "0.1.0"
dependencies = [
 "cargo_ice_repo_2",
]

[[package]]
name = "cargo_ice_repo_2"
version = "0.1.0"
source = "git+https://github.com/jmpesp/cargo_ice_repo_2?rev=98597ac#98597ac41122a2a0b8cc1bf4ff43252796f2ee17"
dependencies = [
 "submod 0.1.0 (git+https://github.com/jmpesp/cargo_ice_repo_1?rev=fedec7)",
]

[[package]]
name = "submod"
version = "0.1.0"

[[package]]
name = "submod"
version = "0.1.0"
source = "git+https://github.com/jmpesp/cargo_ice_repo_1?rev=fedec7#fedec798b5a148442e79bfa4924fa4cc523d2242"
