# This file is automatically @generated by Cargo.
# It is not intended for manual editing.
version = 3

[[package]]
name = "binary"
version = "0.1.0"
source = "git+https://github.com/jmpesp/cargo_ice_repo_2?rev=2a37d73#2a37d73deb66757a3981ccb77f3c396d309587eb"
dependencies = [
 "submod 0.1.0 (git+https://github.com/jmpesp/cargo_ice_repo_1?branch=main)",
]

[[package]]
name = "cargo_ice_repo_1"
version = "0.1.0"
dependencies = [
 "binary",
 "submod 0.1.0",
]

[[package]]
name = "submod"
version = "0.1.0"

[[package]]
name = "submod"
version = "0.1.0"
source = "git+https://github.com/jmpesp/cargo_ice_repo_1?branch=main#57ca5341f7881ce3a5f9ae536009702f5a4b4532"
