# This file is automatically @generated by Cargo.
# It is not intended for manual editing.
version = 3

[[package]]
name = "cargo_ice_repo_1"
version = "0.1.0"
dependencies = [
 "submod2",
]

[[package]]
name = "submod"
version = "0.1.0"

[[package]]
name = "submod2"
version = "0.1.0"
source = "git+https://github.com/jmpesp/cargo_ice_repo_2?rev=217359a#217359afc027cd07a2e752ee5fac2c6ab67e3362"
